
Microsoft Visual Studio Solution File, Format Version 12.00
# Visual Studio Version 17
VisualStudioVersion = 17.2.32630.192
MinimumVisualStudioVersion = 10.0.40219.1
Project("{9A19103F-16F7-4668-BE54-9A1E7A4F7556}") = "bankrepository", "bankrepository\bankrepository.csproj", "{5CD7C666-7280-43C1-8E04-4310BB89E80A}"
EndProject
Project("{FAE04EC0-301F-11D3-BF4B-00C04F79EFBC}") = "bankreptesting", "bankreptesting\bankreptesting.csproj", "{9326B241-BEB2-4D0D-A64D-FBAE9468E1F2}"
EndProject
Global
	GlobalSection(SolutionConfigurationPlatforms) = preSolution
		Debug|Any CPU = Debug|Any CPU
		Release|Any CPU = Release|Any CPU
	EndGlobalSection
	GlobalSection(ProjectConfigurationPlatforms) = postSolution
		{5CD7C666-7280-43C1-8E04-4310BB89E80A}.Debug|Any CPU.ActiveCfg = Debug|Any CPU
		{5CD7C666-7280-43C1-8E04-4310BB89E80A}.Debug|Any CPU.Build.0 = Debug|Any CPU
		{5CD7C666-7280-43C1-8E04-4310BB89E80A}.Release|Any CPU.ActiveCfg = Release|Any CPU
		{5CD7C666-7280-43C1-8E04-4310BB89E80A}.Release|Any CPU.Build.0 = Release|Any CPU
		{9326B241-BEB2-4D0D-A64D-FBAE9468E1F2}.Debug|Any CPU.ActiveCfg = Debug|Any CPU
		{9326B241-BEB2-4D0D-A64D-FBAE9468E1F2}.Debug|Any CPU.Build.0 = Debug|Any CPU
		{9326B241-BEB2-4D0D-A64D-FBAE9468E1F2}.Release|Any CPU.ActiveCfg = Release|Any CPU
		{9326B241-BEB2-4D0D-A64D-FBAE9468E1F2}.Release|Any CPU.Build.0 = Release|Any CPU
	EndGlobalSection
	GlobalSection(SolutionProperties) = preSolution
		HideSolutionNode = FALSE
	EndGlobalSection
	GlobalSection(ExtensibilityGlobals) = postSolution
		SolutionGuid = {27CCB8D2-6B4E-4A2A-BF54-663853269792}
	EndGlobalSection
EndGlobal
